
Microsoft Visual Studio Solution File, Format Version 12.00
# Visual Studio 2013
VisualStudioVersion = 12.0.31101.0
MinimumVisualStudioVersion = 10.0.40219.1
Project("{FAE04EC0-301F-11D3-BF4B-00C04F79EFBC}") = "UnityNetwork", "UnityNetwork\UnityNetwork.csproj", "{9FC60A8F-2374-42F2-A640-F0B17DA0693B}"
EndProject
Project("{FAE04EC0-301F-11D3-BF4B-00C04F79EFBC}") = "BytesArray", "BytesArray\BytesArray.csproj", "{C366D9E2-324D-4566-B8F8-2CB335DF4073}"
EndProject
Project("{2150E333-8FDC-42A3-9474-1A3956D46DE8}") = "Solution Items", "Solution Items", "{F24C5C58-4257-45F4-B0E0-8615454A8077}"
	ProjectSection(SolutionItems) = preProject
		Note.txt = Note.txt
	EndProjectSection
EndProject
Project("{FAE04EC0-301F-11D3-BF4B-00C04F79EFBC}") = "SQLiteProject", "SQLiteProject\SQLiteProject.csproj", "{5FA2F017-DE65-4F01-8073-E38870E766B8}"
EndProject
Project("{FAE04EC0-301F-11D3-BF4B-00C04F79EFBC}") = "Exercise", "Exercise\Exercise.csproj", "{225144DE-9EB1-4B24-A023-2F026452B3BC}"
EndProject
Project("{FAE04EC0-301F-11D3-BF4B-00C04F79EFBC}") = "ProtoLib", "ProtoLib\ProtoLib.csproj", "{D5D52D60-6163-462D-B3DE-B3D6E280F14E}"
EndProject
Project("{FAE04EC0-301F-11D3-BF4B-00C04F79EFBC}") = "ProtoBuilder", "ProtoBuilder\ProtoBuilder.csproj", "{D7C537AC-E94A-4F7D-9BF3-2302A4053A48}"
EndProject
Project("{FAE04EC0-301F-11D3-BF4B-00C04F79EFBC}") = "WebBrowser", "WebBrowser\WebBrowser.csproj", "{148EA8FB-877B-48C7-8AA6-3782E6DC376B}"
EndProject
Global
	GlobalSection(SolutionConfigurationPlatforms) = preSolution
		Debug|Any CPU = Debug|Any CPU
		Release|Any CPU = Release|Any CPU
	EndGlobalSection
	GlobalSection(ProjectConfigurationPlatforms) = postSolution
		{9FC60A8F-2374-42F2-A640-F0B17DA0693B}.Debug|Any CPU.ActiveCfg = Debug|Any CPU
		{9FC60A8F-2374-42F2-A640-F0B17DA0693B}.Debug|Any CPU.Build.0 = Debug|Any CPU
		{9FC60A8F-2374-42F2-A640-F0B17DA0693B}.Release|Any CPU.ActiveCfg = Release|Any CPU
		{9FC60A8F-2374-42F2-A640-F0B17DA0693B}.Release|Any CPU.Build.0 = Release|Any CPU
		{C366D9E2-324D-4566-B8F8-2CB335DF4073}.Debug|Any CPU.ActiveCfg = Debug|Any CPU
		{C366D9E2-324D-4566-B8F8-2CB335DF4073}.Debug|Any CPU.Build.0 = Debug|Any CPU
		{C366D9E2-324D-4566-B8F8-2CB335DF4073}.Release|Any CPU.ActiveCfg = Release|Any CPU
		{C366D9E2-324D-4566-B8F8-2CB335DF4073}.Release|Any CPU.Build.0 = Release|Any CPU
		{5FA2F017-DE65-4F01-8073-E38870E766B8}.Debug|Any CPU.ActiveCfg = Debug|Any CPU
		{5FA2F017-DE65-4F01-8073-E38870E766B8}.Debug|Any CPU.Build.0 = Debug|Any CPU
		{5FA2F017-DE65-4F01-8073-E38870E766B8}.Release|Any CPU.ActiveCfg = Release|Any CPU
		{5FA2F017-DE65-4F01-8073-E38870E766B8}.Release|Any CPU.Build.0 = Release|Any CPU
		{225144DE-9EB1-4B24-A023-2F026452B3BC}.Debug|Any CPU.ActiveCfg = Debug|Any CPU
		{225144DE-9EB1-4B24-A023-2F026452B3BC}.Debug|Any CPU.Build.0 = Debug|Any CPU
		{225144DE-9EB1-4B24-A023-2F026452B3BC}.Release|Any CPU.ActiveCfg = Release|Any CPU
		{225144DE-9EB1-4B24-A023-2F026452B3BC}.Release|Any CPU.Build.0 = Release|Any CPU
		{D5D52D60-6163-462D-B3DE-B3D6E280F14E}.Debug|Any CPU.ActiveCfg = Debug|Any CPU
		{D5D52D60-6163-462D-B3DE-B3D6E280F14E}.Debug|Any CPU.Build.0 = Debug|Any CPU
		{D5D52D60-6163-462D-B3DE-B3D6E280F14E}.Release|Any CPU.ActiveCfg = Release|Any CPU
		{D5D52D60-6163-462D-B3DE-B3D6E280F14E}.Release|Any CPU.Build.0 = Release|Any CPU
		{D7C537AC-E94A-4F7D-9BF3-2302A4053A48}.Debug|Any CPU.ActiveCfg = Debug|Any CPU
		{D7C537AC-E94A-4F7D-9BF3-2302A4053A48}.Debug|Any CPU.Build.0 = Debug|Any CPU
		{D7C537AC-E94A-4F7D-9BF3-2302A4053A48}.Release|Any CPU.ActiveCfg = Release|Any CPU
		{D7C537AC-E94A-4F7D-9BF3-2302A4053A48}.Release|Any CPU.Build.0 = Release|Any CPU
		{148EA8FB-877B-48C7-8AA6-3782E6DC376B}.Debug|Any CPU.ActiveCfg = Debug|Any CPU
		{148EA8FB-877B-48C7-8AA6-3782E6DC376B}.Debug|Any CPU.Build.0 = Debug|Any CPU
		{148EA8FB-877B-48C7-8AA6-3782E6DC376B}.Release|Any CPU.ActiveCfg = Release|Any CPU
		{148EA8FB-877B-48C7-8AA6-3782E6DC376B}.Release|Any CPU.Build.0 = Release|Any CPU
	EndGlobalSection
	GlobalSection(SolutionProperties) = preSolution
		HideSolutionNode = FALSE
	EndGlobalSection
EndGlobal
